
Microsoft Visual Studio Solution File, Format Version 12.00
# Visual Studio Version 17
VisualStudioVersion = 17.4.33122.133
MinimumVisualStudioVersion = 10.0.40219.1
Project("{9A19103F-16F7-4668-BE54-9A1E7A4F7556}") = "StarlightRiverZh", "StarlightRiverZh.csproj", "{A35090B3-6C1C-40E3-8CFF-5AA281F93A73}"
EndProject
Global
	GlobalSection(SolutionConfigurationPlatforms) = preSolution
		Debug|Any CPU = Debug|Any CPU
		Release|Any CPU = Release|Any CPU
	EndGlobalSection
	GlobalSection(ProjectConfigurationPlatforms) = postSolution
		{A35090B3-6C1C-40E3-8CFF-5AA281F93A73}.Debug|Any CPU.ActiveCfg = Debug|Any CPU
		{A35090B3-6C1C-40E3-8CFF-5AA281F93A73}.Debug|Any CPU.Build.0 = Debug|Any CPU
		{A35090B3-6C1C-40E3-8CFF-5AA281F93A73}.Release|Any CPU.ActiveCfg = Release|Any CPU
		{A35090B3-6C1C-40E3-8CFF-5AA281F93A73}.Release|Any CPU.Build.0 = Release|Any CPU
	EndGlobalSection
	GlobalSection(SolutionProperties) = preSolution
		HideSolutionNode = FALSE
	EndGlobalSection
	GlobalSection(ExtensibilityGlobals) = postSolution
		SolutionGuid = {437FFB27-3C50-493F-99E2-4EBBBD89E06D}
	EndGlobalSection
EndGlobal
